{
  "name": "react-native-gifted-chat",
  "version": "0.2.5",
  "lockfileVersion": 1,
  "requires": true,
  "dependencies": {
    "react-native-autocomplete-input": {
      "version": "3.3.1",
      "resolved": "https://registry.npmjs.org/react-native-autocomplete-input/-/react-native-autocomplete-input-3.3.1.tgz",
      "integrity": "sha512-c5wgl+p08ksfj54bVDFwyq7yxr+AW9Ac9dgz43ukGG9OJW3g1gU4Dy0vCTUIDUHlR++eCEGzkGc70vm7gMqj8Q=="
    }
  }
}
